// !$*UTF8*$!
{
	archiveVersion = 1;
	classes = {
	};
	objectVersion = 50;
	objects = {

/* Begin PBXBuildFile section */
		DA7F1534246B01E300029D3D /* AppDelegate.swift in Sources */ = {isa = PBXBuildFile; fileRef = DA7F1533246B01E300029D3D /* AppDelegate.swift */; };
		DA7F1536246B01E300029D3D /* SceneDelegate.swift in Sources */ = {isa = PBXBuildFile; fileRef = DA7F1535246B01E300029D3D /* SceneDelegate.swift */; };
		DA7F1538246B01E300029D3D /* ContentView.swift in Sources */ = {isa = PBXBuildFile; fileRef = DA7F1537246B01E300029D3D /* ContentView.swift */; };
		DA7F153A246B01E500029D3D /* Assets.xcassets in Resources */ = {isa = PBXBuildFile; fileRef = DA7F1539246B01E500029D3D /* Assets.xcassets */; };
		DA7F153D246B01E500029D3D /* Preview Assets.xcassets in Resources */ = {isa = PBXBuildFile; fileRef = DA7F153C246B01E500029D3D /* Preview Assets.xcassets */; };
		DA7F1540246B01E500029D3D /* LaunchScreen.storyboard in Resources */ = {isa = PBXBuildFile; fileRef = DA7F153E246B01E500029D3D /* LaunchScreen.storyboard */; };
		DA7F154B246B01E500029D3D /* Swift_stickfigureGameTests.swift in Sources */ = {isa = PBXBuildFile; fileRef = DA7F154A246B01E500029D3D /* Swift_stickfigureGameTests.swift */; };
		DA7F1556246B01E500029D3D /* Swift_stickfigureGameUITests.swift in Sources */ = {isa = PBXBuildFile; fileRef = DA7F1555246B01E500029D3D /* Swift_stickfigureGameUITests.swift */; };
/* End PBXBuildFile section */

/* Begin PBXContainerItemProxy section */
		DA7F1547246B01E500029D3D /* PBXContainerItemProxy */ = {
			isa = PBXContainerItemProxy;
			containerPortal = DA7F1528246B01E300029D3D /* Project object */;
			proxyType = 1;
			remoteGlobalIDString = DA7F152F246B01E300029D3D;
			remoteInfo = "Swift-stickfigureGame";
		};
		DA7F1552246B01E500029D3D /* PBXContainerItemProxy */ = {
			isa = PBXContainerItemProxy;
			containerPortal = DA7F1528246B01E300029D3D /* Project object */;
			proxyType = 1;
			remoteGlobalIDString = DA7F152F246B01E300029D3D;
			remoteInfo = "Swift-stickfigureGame";
		};
/* End PBXContainerItemProxy section */

/* Begin PBXFileReference section */
		DA7F1530246B01E300029D3D /* Swift-stickfigureGame.app */ = {isa = PBXFileReference; explicitFileType = wrapper.application; includeInIndex = 0; path = "Swift-stickfigureGame.app"; sourceTree = BUILT_PRODUCTS_DIR; };
		DA7F1533246B01E300029D3D /* AppDelegate.swift */ = {isa = PBXFileReference; lastKnownFileType = sourcecode.swift; path = AppDelegate.swift; sourceTree = "<group>"; };
		DA7F1535246B01E300029D3D /* SceneDelegate.swift */ = {isa = PBXFileReference; lastKnownFileType = sourcecode.swift; path = SceneDelegate.swift; sourceTree = "<group>"; };
		DA7F1537246B01E300029D3D /* ContentView.swift */ = {isa = PBXFileReference; lastKnownFileType = sourcecode.swift; path = ContentView.swift; sourceTree = "<group>"; };
		DA7F1539246B01E500029D3D /* Assets.xcassets */ = {isa = PBXFileReference; lastKnownFileType = folder.assetcatalog; path = Assets.xcassets; sourceTree = "<group>"; };
		DA7F153C246B01E500029D3D /* Preview Assets.xcassets */ = {isa = PBXFileReference; lastKnownFileType = folder.assetcatalog; path = "Preview Assets.xcassets"; sourceTree = "<group>"; };
		DA7F153F246B01E500029D3D /* Base */ = {isa = PBXFileReference; lastKnownFileType = file.storyboard; name = Base; path = Base.lproj/LaunchScreen.storyboard; sourceTree = "<group>"; };
		DA7F1541246B01E500029D3D /* Info.plist */ = {isa = PBXFileReference; lastKnownFileType = text.plist.xml; path = Info.plist; sourceTree = "<group>"; };
		DA7F1546246B01E500029D3D /* Swift-stickfigureGameTests.xctest */ = {isa = PBXFileReference; explicitFileType = wrapper.cfbundle; includeInIndex = 0; path = "Swift-stickfigureGameTests.xctest"; sourceTree = BUILT_PRODUCTS_DIR; };
		DA7F154A246B01E500029D3D /* Swift_stickfigureGameTests.swift */ = {isa = PBXFileReference; lastKnownFileType = sourcecode.swift; path = Swift_stickfigureGameTests.swift; sourceTree = "<group>"; };
		DA7F154C246B01E500029D3D /* Info.plist */ = {isa = PBXFileReference; lastKnownFileType = text.plist.xml; path = Info.plist; sourceTree = "<group>"; };
		DA7F1551246B01E500029D3D /* Swift-stickfigureGameUITests.xctest */ = {isa = PBXFileReference; explicitFileType = wrapper.cfbundle; includeInIndex = 0; path = "Swift-stickfigureGameUITests.xctest"; sourceTree = BUILT_PRODUCTS_DIR; };
		DA7F1555246B01E500029D3D /* Swift_stickfigureGameUITests.swift */ = {isa = PBXFileReference; lastKnownFileType = sourcecode.swift; path = Swift_stickfigureGameUITests.swift; sourceTree = "<group>"; };
		DA7F1557246B01E500029D3D /* Info.plist */ = {isa = PBXFileReference; lastKnownFileType = text.plist.xml; path = Info.plist; sourceTree = "<group>"; };
/* End PBXFileReference section */

/* Begin PBXFrameworksBuildPhase section */
		DA7F152D246B01E300029D3D /* Frameworks */ = {
			isa = PBXFrameworksBuildPhase;
			buildActionMask = 2147483647;
			files = (
			);
			runOnlyForDeploymentPostprocessing = 0;
		};
		DA7F1543246B01E500029D3D /* Frameworks */ = {
			isa = PBXFrameworksBuildPhase;
			buildActionMask = 2147483647;
			files = (
			);
			runOnlyForDeploymentPostprocessing = 0;
		};
		DA7F154E246B01E500029D3D /* Frameworks */ = {
			isa = PBXFrameworksBuildPhase;
			buildActionMask = 2147483647;
			files = (
			);
			runOnlyForDeploymentPostprocessing = 0;
		};
/* End PBXFrameworksBuildPhase section */

/* Begin PBXGroup section */
		DA7F1527246B01E300029D3D = {
			isa = PBXGroup;
			children = (
				DA7F1532246B01E300029D3D /* Swift-stickfigureGame */,
				DA7F1549246B01E500029D3D /* Swift-stickfigureGameTests */,
				DA7F1554246B01E500029D3D /* Swift-stickfigureGameUITests */,
				DA7F1531246B01E300029D3D /* Products */,
			);
			sourceTree = "<group>";
		};
		DA7F1531246B01E300029D3D /* Products */ = {
			isa = PBXGroup;
			children = (
				DA7F1530246B01E300029D3D /* Swift-stickfigureGame.app */,
				DA7F1546246B01E500029D3D /* Swift-stickfigureGameTests.xctest */,
				DA7F1551246B01E500029D3D /* Swift-stickfigureGameUITests.xctest */,
			);
			name = Products;
			sourceTree = "<group>";
		};
		DA7F1532246B01E300029D3D /* Swift-stickfigureGame */ = {
			isa = PBXGroup;
			children = (
				DA7F1533246B01E300029D3D /* AppDelegate.swift */,
				DA7F1535246B01E300029D3D /* SceneDelegate.swift */,
				DA7F1537246B01E300029D3D /* ContentView.swift */,
				DA7F1539246B01E500029D3D /* Assets.xcassets */,
				DA7F153E246B01E500029D3D /* LaunchScreen.storyboard */,
				DA7F1541246B01E500029D3D /* Info.plist */,
				DA7F153B246B01E500029D3D /* Preview Content */,
			);
			path = "Swift-stickfigureGame";
			sourceTree = "<group>";
		};
		DA7F153B246B01E500029D3D /* Preview Content */ = {
			isa = PBXGroup;
			children = (
				DA7F153C246B01E500029D3D /* Preview Assets.xcassets */,
			);
			path = "Preview Content";
			sourceTree = "<group>";
		};
		DA7F1549246B01E500029D3D /* Swift-stickfigureGameTests */ = {
			isa = PBXGroup;
			children = (
				DA7F154A246B01E500029D3D /* Swift_stickfigureGameTests.swift */,
				DA7F154C246B01E500029D3D /* Info.plist */,
			);
			path = "Swift-stickfigureGameTests";
			sourceTree = "<group>";
		};
		DA7F1554246B01E500029D3D /* Swift-stickfigureGameUITests */ = {
			isa = PBXGroup;
			children = (
				DA7F1555246B01E500029D3D /* Swift_stickfigureGameUITests.swift */,
				DA7F1557246B01E500029D3D /* Info.plist */,
			);
			path = "Swift-stickfigureGameUITests";
			sourceTree = "<group>";
		};
/* End PBXGroup section */

/* Begin PBXNativeTarget section */
		DA7F152F246B01E300029D3D /* Swift-stickfigureGame */ = {
			isa = PBXNativeTarget;
			buildConfigurationList = DA7F155A246B01E500029D3D /* Build configuration list for PBXNativeTarget "Swift-stickfigureGame" */;
			buildPhases = (
				DA7F152C246B01E300029D3D /* Sources */,
				DA7F152D246B01E300029D3D /* Frameworks */,
				DA7F152E246B01E300029D3D /* Resources */,
			);
			buildRules = (
			);
			dependencies = (
			);
			name = "Swift-stickfigureGame";
			productName = "Swift-stickfigureGame";
			productReference = DA7F1530246B01E300029D3D /* Swift-stickfigureGame.app */;
			productType = "com.apple.product-type.application";
		};
		DA7F1545246B01E500029D3D /* Swift-stickfigureGameTests */ = {
			isa = PBXNativeTarget;
			buildConfigurationList = DA7F155D246B01E500029D3D /* Build configuration list for PBXNativeTarget "Swift-stickfigureGameTests" */;
			buildPhases = (
				DA7F1542246B01E500029D3D /* Sources */,
				DA7F1543246B01E500029D3D /* Frameworks */,
				DA7F1544246B01E500029D3D /* Resources */,
			);
			buildRules = (
			);
			dependencies = (
				DA7F1548246B01E500029D3D /* PBXTargetDependency */,
			);
			name = "Swift-stickfigureGameTests";
			productName = "Swift-stickfigureGameTests";
			productReference = DA7F1546246B01E500029D3D /* Swift-stickfigureGameTests.xctest */;
			productType = "com.apple.product-type.bundle.unit-test";
		};
		DA7F1550246B01E500029D3D /* Swift-stickfigureGameUITests */ = {
			isa = PBXNativeTarget;
			buildConfigurationList = DA7F1560246B01E500029D3D /* Build configuration list for PBXNativeTarget "Swift-stickfigureGameUITests" */;
			buildPhases = (
				DA7F154D246B01E500029D3D /* Sources */,
				DA7F154E246B01E500029D3D /* Frameworks */,
				DA7F154F246B01E500029D3D /* Resources */,
			);
			buildRules = (
			);
			dependencies = (
				DA7F1553246B01E500029D3D /* PBXTargetDependency */,
			);
			name = "Swift-stickfigureGameUITests";
			productName = "Swift-stickfigureGameUITests";
			productReference = DA7F1551246B01E500029D3D /* Swift-stickfigureGameUITests.xctest */;
			productType = "com.apple.product-type.bundle.ui-testing";
		};
/* End PBXNativeTarget section */

/* Begin PBXProject section */
		DA7F1528246B01E300029D3D /* Project object */ = {
			isa = PBXProject;
			attributes = {
				LastSwiftUpdateCheck = 1140;
				LastUpgradeCheck = 1140;
				ORGANIZATIONNAME = "07 Zhang";
				TargetAttributes = {
					DA7F152F246B01E300029D3D = {
						CreatedOnToolsVersion = 11.4;
					};
					DA7F1545246B01E500029D3D = {
						CreatedOnToolsVersion = 11.4;
						TestTargetID = DA7F152F246B01E300029D3D;
					};
					DA7F1550246B01E500029D3D = {
						CreatedOnToolsVersion = 11.4;
						TestTargetID = DA7F152F246B01E300029D3D;
					};
				};
			};
			buildConfigurationList = DA7F152B246B01E300029D3D /* Build configuration list for PBXProject "Swift-stickfigureGame" */;
			compatibilityVersion = "Xcode 9.3";
			developmentRegion = en;
			hasScannedForEncodings = 0;
			knownRegions = (
				en,
				Base,
			);
			mainGroup = DA7F1527246B01E300029D3D;
			productRefGroup = DA7F1531246B01E300029D3D /* Products */;
			projectDirPath = "";
			projectRoot = "";
			targets = (
				DA7F152F246B01E300029D3D /* Swift-stickfigureGame */,
				DA7F1545246B01E500029D3D /* Swift-stickfigureGameTests */,
				DA7F1550246B01E500029D3D /* Swift-stickfigureGameUITests */,
			);
		};
/* End PBXProject section */

/* Begin PBXResourcesBuildPhase section */
		DA7F152E246B01E300029D3D /* Resources */ = {
			isa = PBXResourcesBuildPhase;
			buildActionMask = 2147483647;
			files = (
				DA7F1540246B01E500029D3D /* LaunchScreen.storyboard in Resources */,
				DA7F153D246B01E500029D3D /* Preview Assets.xcassets in Resources */,
				DA7F153A246B01E500029D3D /* Assets.xcassets in Resources */,
			);
			runOnlyForDeploymentPostprocessing = 0;
		};
		DA7F1544246B01E500029D3D /* Resources */ = {
			isa = PBXResourcesBuildPhase;
			buildActionMask = 2147483647;
			files = (
			);
			runOnlyForDeploymentPostprocessing = 0;
		};
		DA7F154F246B01E500029D3D /* Resources */ = {
			isa = PBXResourcesBuildPhase;
			buildActionMask = 2147483647;
			files = (
			);
			runOnlyForDeploymentPostprocessing = 0;
		};
/* End PBXResourcesBuildPhase section */

/* Begin PBXSourcesBuildPhase section */
		DA7F152C246B01E300029D3D /* Sources */ = {
			isa = PBXSourcesBuildPhase;
			buildActionMask = 2147483647;
			files = (
				DA7F1534246B01E300029D3D /* AppDelegate.swift in Sources */,
				DA7F1536246B01E300029D3D /* SceneDelegate.swift in Sources */,
				DA7F1538246B01E300029D3D /* ContentView.swift in Sources */,
			);
			runOnlyForDeploymentPostprocessing = 0;
		};
		DA7F1542246B01E500029D3D /* Sources */ = {
			isa = PBXSourcesBuildPhase;
			buildActionMask = 2147483647;
			files = (
				DA7F154B246B01E500029D3D /* Swift_stickfigureGameTests.swift in Sources */,
			);
			runOnlyForDeploymentPostprocessing = 0;
		};
		DA7F154D246B01E500029D3D /* Sources */ = {
			isa = PBXSourcesBuildPhase;
			buildActionMask = 2147483647;
			files = (
				DA7F1556246B01E500029D3D /* Swift_stickfigureGameUITests.swift in Sources */,
			);
			runOnlyForDeploymentPostprocessing = 0;
		};
/* End PBXSourcesBuildPhase section */

/* Begin PBXTargetDependency section */
		DA7F1548246B01E500029D3D /* PBXTargetDependency */ = {
			isa = PBXTargetDependency;
			target = DA7F152F246B01E300029D3D /* Swift-stickfigureGame */;
			targetProxy = DA7F1547246B01E500029D3D /* PBXContainerItemProxy */;
		};
		DA7F1553246B01E500029D3D /* PBXTargetDependency */ = {
			isa = PBXTargetDependency;
			target = DA7F152F246B01E300029D3D /* Swift-stickfigureGame */;
			targetProxy = DA7F1552246B01E500029D3D /* PBXContainerItemProxy */;
		};
/* End PBXTargetDependency section */

/* Begin PBXVariantGroup section */
		DA7F153E246B01E500029D3D /* LaunchScreen.storyboard */ = {
			isa = PBXVariantGroup;
			children = (
				DA7F153F246B01E500029D3D /* Base */,
			);
			name = LaunchScreen.storyboard;
			sourceTree = "<group>";
		};
/* End PBXVariantGroup section */

/* Begin XCBuildConfiguration section */
		DA7F1558246B01E500029D3D /* Debug */ = {
			isa = XCBuildConfiguration;
			buildSettings = {
				ALWAYS_SEARCH_USER_PATHS = NO;
				CLANG_ANALYZER_NONNULL = YES;
				CLANG_ANALYZER_NUMBER_OBJECT_CONVERSION = YES_AGGRESSIVE;
				CLANG_CXX_LANGUAGE_STANDARD = "gnu++14";
				CLANG_CXX_LIBRARY = "libc++";
				CLANG_ENABLE_MODULES = YES;
				CLANG_ENABLE_OBJC_ARC = YES;
				CLANG_ENABLE_OBJC_WEAK = YES;
				CLANG_WARN_BLOCK_CAPTURE_AUTORELEASING = YES;
				CLANG_WARN_BOOL_CONVERSION = YES;
				CLANG_WARN_COMMA = YES;
				CLANG_WARN_CONSTANT_CONVERSION = YES;
				CLANG_WARN_DEPRECATED_OBJC_IMPLEMENTATIONS = YES;
				CLANG_WARN_DIRECT_OBJC_ISA_USAGE = YES_ERROR;
				CLANG_WARN_DOCUMENTATION_COMMENTS = YES;
				CLANG_WARN_EMPTY_BODY = YES;
				CLANG_WARN_ENUM_CONVERSION = YES;
				CLANG_WARN_INFINITE_RECURSION = YES;
				CLANG_WARN_INT_CONVERSION = YES;
				CLANG_WARN_NON_LITERAL_NULL_CONVERSION = YES;
				CLANG_WARN_OBJC_IMPLICIT_RETAIN_SELF = YES;
				CLANG_WARN_OBJC_LITERAL_CONVERSION = YES;
				CLANG_WARN_OBJC_ROOT_CLASS = YES_ERROR;
				CLANG_WARN_RANGE_LOOP_ANALYSIS = YES;
				CLANG_WARN_STRICT_PROTOTYPES = YES;
				CLANG_WARN_SUSPICIOUS_MOVE = YES;
				CLANG_WARN_UNGUARDED_AVAILABILITY = YES_AGGRESSIVE;
				CLANG_WARN_UNREACHABLE_CODE = YES;
				CLANG_WARN__DUPLICATE_METHOD_MATCH = YES;
				COPY_PHASE_STRIP = NO;
				DEBUG_INFORMATION_FORMAT = dwarf;
				ENABLE_STRICT_OBJC_MSGSEND = YES;
				ENABLE_TESTABILITY = YES;
				GCC_C_LANGUAGE_STANDARD = gnu11;
				GCC_DYNAMIC_NO_PIC = NO;
				GCC_NO_COMMON_BLOCKS = YES;
				GCC_OPTIMIZATION_LEVEL = 0;
				GCC_PREPROCESSOR_DEFINITIONS = (
					"DEBUG=1",
					"$(inherited)",
				);
				GCC_WARN_64_TO_32_BIT_CONVERSION = YES;
				GCC_WARN_ABOUT_RETURN_TYPE = YES_ERROR;
				GCC_WARN_UNDECLARED_SELECTOR = YES;
				GCC_WARN_UNINITIALIZED_AUTOS = YES_AGGRESSIVE;
				GCC_WARN_UNUSED_FUNCTION = YES;
				GCC_WARN_UNUSED_VARIABLE = YES;
				IPHONEOS_DEPLOYMENT_TARGET = 13.4;
				MTL_ENABLE_DEBUG_INFO = INCLUDE_SOURCE;
				MTL_FAST_MATH = YES;
				ONLY_ACTIVE_ARCH = YES;
				SDKROOT = iphoneos;
				SWIFT_ACTIVE_COMPILATION_CONDITIONS = DEBUG;
				SWIFT_OPTIMIZATION_LEVEL = "-Onone";
			};
			name = Debug;
		};
		DA7F1559246B01E500029D3D /* Release */ = {
			isa = XCBuildConfiguration;
			buildSettings = {
				ALWAYS_SEARCH_USER_PATHS = NO;
				CLANG_ANALYZER_NONNULL = YES;
				CLANG_ANALYZER_NUMBER_OBJECT_CONVERSION = YES_AGGRESSIVE;
				CLANG_CXX_LANGUAGE_STANDARD = "gnu++14";
				CLANG_CXX_LIBRARY = "libc++";
				CLANG_ENABLE_MODULES = YES;
				CLANG_ENABLE_OBJC_ARC = YES;
				CLANG_ENABLE_OBJC_WEAK = YES;
				CLANG_WARN_BLOCK_CAPTURE_AUTORELEASING = YES;
				CLANG_WARN_BOOL_CONVERSION = YES;
				CLANG_WARN_COMMA = YES;
				CLANG_WARN_CONSTANT_CONVERSION = YES;
				CLANG_WARN_DEPRECATED_OBJC_IMPLEMENTATIONS = YES;
				CLANG_WARN_DIRECT_OBJC_ISA_USAGE = YES_ERROR;
				CLANG_WARN_DOCUMENTATION_COMMENTS = YES;
				CLANG_WARN_EMPTY_BODY = YES;
				CLANG_WARN_ENUM_CONVERSION = YES;
				CLANG_WARN_INFINITE_RECURSION = YES;
				CLANG_WARN_INT_CONVERSION = YES;
				CLANG_WARN_NON_LITERAL_NULL_CONVERSION = YES;
				CLANG_WARN_OBJC_IMPLICIT_RETAIN_SELF = YES;
				CLANG_WARN_OBJC_LITERAL_CONVERSION = YES;
				CLANG_WARN_OBJC_ROOT_CLASS = YES_ERROR;
				CLANG_WARN_RANGE_LOOP_ANALYSIS = YES;
				CLANG_WARN_STRICT_PROTOTYPES = YES;
				CLANG_WARN_SUSPICIOUS_MOVE = YES;
				CLANG_WARN_UNGUARDED_AVAILABILITY = YES_AGGRESSIVE;
				CLANG_WARN_UNREACHABLE_CODE = YES;
				CLANG_WARN__DUPLICATE_METHOD_MATCH = YES;
				COPY_PHASE_STRIP = NO;
				DEBUG_INFORMATION_FORMAT = "dwarf-with-dsym";
				ENABLE_NS_ASSERTIONS = NO;
				ENABLE_STRICT_OBJC_MSGSEND = YES;
				GCC_C_LANGUAGE_STANDARD = gnu11;
				GCC_NO_COMMON_BLOCKS = YES;
				GCC_WARN_64_TO_32_BIT_CONVERSION = YES;
				GCC_WARN_ABOUT_RETURN_TYPE = YES_ERROR;
				GCC_WARN_UNDECLARED_SELECTOR = YES;
				GCC_WARN_UNINITIALIZED_AUTOS = YES_AGGRESSIVE;
				GCC_WARN_UNUSED_FUNCTION = YES;
				GCC_WARN_UNUSED_VARIABLE = YES;
				IPHONEOS_DEPLOYMENT_TARGET = 13.4;
				MTL_ENABLE_DEBUG_INFO = NO;
				MTL_FAST_MATH = YES;
				SDKROOT = iphoneos;
				SWIFT_COMPILATION_MODE = wholemodule;
				SWIFT_OPTIMIZATION_LEVEL = "-O";
				VALIDATE_PRODUCT = YES;
			};
			name = Release;
		};
		DA7F155B246B01E500029D3D /* Debug */ = {
			isa = XCBuildConfiguration;
			buildSettings = {
				ASSETCATALOG_COMPILER_APPICON_NAME = AppIcon;
				CODE_SIGN_STYLE = Automatic;
				DEVELOPMENT_ASSET_PATHS = "\"Swift-stickfigureGame/Preview Content\"";
				ENABLE_PREVIEWS = YES;
				INFOPLIST_FILE = "Swift-stickfigureGame/Info.plist";
				LD_RUNPATH_SEARCH_PATHS = (
					"$(inherited)",
					"@executable_path/Frameworks",
				);
				PRODUCT_BUNDLE_IDENTIFIER = "Zero.Swift-stickfigureGame";
				PRODUCT_NAME = "$(TARGET_NAME)";
				SWIFT_VERSION = 5.0;
				TARGETED_DEVICE_FAMILY = "1,2";
			};
			name = Debug;
		};
		DA7F155C246B01E500029D3D /* Release */ = {
			isa = XCBuildConfiguration;
			buildSettings = {
				ASSETCATALOG_COMPILER_APPICON_NAME = AppIcon;
				CODE_SIGN_STYLE = Automatic;
				DEVELOPMENT_ASSET_PATHS = "\"Swift-stickfigureGame/Preview Content\"";
				ENABLE_PREVIEWS = YES;
				INFOPLIST_FILE = "Swift-stickfigureGame/Info.plist";
				LD_RUNPATH_SEARCH_PATHS = (
					"$(inherited)",
					"@executable_path/Frameworks",
				);
				PRODUCT_BUNDLE_IDENTIFIER = "Zero.Swift-stickfigureGame";
				PRODUCT_NAME = "$(TARGET_NAME)";
				SWIFT_VERSION = 5.0;
				TARGETED_DEVICE_FAMILY = "1,2";
			};
			name = Release;
		};
		DA7F155E246B01E500029D3D /* Debug */ = {
			isa = XCBuildConfiguration;
			buildSettings = {
				ALWAYS_EMBED_SWIFT_STANDARD_LIBRARIES = YES;
				BUNDLE_LOADER = "$(TEST_HOST)";
				CODE_SIGN_STYLE = Automatic;
				INFOPLIST_FILE = "Swift-stickfigureGameTests/Info.plist";
				IPHONEOS_DEPLOYMENT_TARGET = 13.4;
				LD_RUNPATH_SEARCH_PATHS = (
					"$(inherited)",
					"@executable_path/Frameworks",
					"@loader_path/Frameworks",
				);
				PRODUCT_BUNDLE_IDENTIFIER = "Zero.Swift-stickfigureGameTests";
				PRODUCT_NAME = "$(TARGET_NAME)";
				SWIFT_VERSION = 5.0;
				TARGETED_DEVICE_FAMILY = "1,2";
				TEST_HOST = "$(BUILT_PRODUCTS_DIR)/Swift-stickfigureGame.app/Swift-stickfigureGame";
			};
			name = Debug;
		};
		DA7F155F246B01E500029D3D /* Release */ = {
			isa = XCBuildConfiguration;
			buildSettings = {
				ALWAYS_EMBED_SWIFT_STANDARD_LIBRARIES = YES;
				BUNDLE_LOADER = "$(TEST_HOST)";
				CODE_SIGN_STYLE = Automatic;
				INFOPLIST_FILE = "Swift-stickfigureGameTests/Info.plist";
				IPHONEOS_DEPLOYMENT_TARGET = 13.4;
				LD_RUNPATH_SEARCH_PATHS = (
					"$(inherited)",
					"@executable_path/Frameworks",
					"@loader_path/Frameworks",
				);
				PRODUCT_BUNDLE_IDENTIFIER = "Zero.Swift-stickfigureGameTests";
				PRODUCT_NAME = "$(TARGET_NAME)";
				SWIFT_VERSION = 5.0;
				TARGETED_DEVICE_FAMILY = "1,2";
				TEST_HOST = "$(BUILT_PRODUCTS_DIR)/Swift-stickfigureGame.app/Swift-stickfigureGame";
			};
			name = Release;
		};
		DA7F1561246B01E500029D3D /* Debug */ = {
			isa = XCBuildConfiguration;
			buildSettings = {
				ALWAYS_EMBED_SWIFT_STANDARD_LIBRARIES = YES;
				CODE_SIGN_STYLE = Automatic;
				INFOPLIST_FILE = "Swift-stickfigureGameUITests/Info.plist";
				LD_RUNPATH_SEARCH_PATHS = (
					"$(inherited)",
					"@executable_path/Frameworks",
					"@loader_path/Frameworks",
				);
				PRODUCT_BUNDLE_IDENTIFIER = "Zero.Swift-stickfigureGameUITests";
				PRODUCT_NAME = "$(TARGET_NAME)";
				SWIFT_VERSION = 5.0;
				TARGETED_DEVICE_FAMILY = "1,2";
				TEST_TARGET_NAME = "Swift-stickfigureGame";
			};
			name = Debug;
		};
		DA7F1562246B01E500029D3D /* Release */ = {
			isa = XCBuildConfiguration;
			buildSettings = {
				ALWAYS_EMBED_SWIFT_STANDARD_LIBRARIES = YES;
				CODE_SIGN_STYLE = Automatic;
				INFOPLIST_FILE = "Swift-stickfigureGameUITests/Info.plist";
				LD_RUNPATH_SEARCH_PATHS = (
					"$(inherited)",
					"@executable_path/Frameworks",
					"@loader_path/Frameworks",
				);
				PRODUCT_BUNDLE_IDENTIFIER = "Zero.Swift-stickfigureGameUITests";
				PRODUCT_NAME = "$(TARGET_NAME)";
				SWIFT_VERSION = 5.0;
				TARGETED_DEVICE_FAMILY = "1,2";
				TEST_TARGET_NAME = "Swift-stickfigureGame";
			};
			name = Release;
		};
/* End XCBuildConfiguration section */

/* Begin XCConfigurationList section */
		DA7F152B246B01E300029D3D /* Build configuration list for PBXProject "Swift-stickfigureGame" */ = {
			isa = XCConfigurationList;
			buildConfigurations = (
				DA7F1558246B01E500029D3D /* Debug */,
				DA7F1559246B01E500029D3D /* Release */,
			);
			defaultConfigurationIsVisible = 0;
			defaultConfigurationName = Release;
		};
		DA7F155A246B01E500029D3D /* Build configuration list for PBXNativeTarget "Swift-stickfigureGame" */ = {
			isa = XCConfigurationList;
			buildConfigurations = (
				DA7F155B246B01E500029D3D /* Debug */,
				DA7F155C246B01E500029D3D /* Release */,
			);
			defaultConfigurationIsVisible = 0;
			defaultConfigurationName = Release;
		};
		DA7F155D246B01E500029D3D /* Build configuration list for PBXNativeTarget "Swift-stickfigureGameTests" */ = {
			isa = XCConfigurationList;
			buildConfigurations = (
				DA7F155E246B01E500029D3D /* Debug */,
				DA7F155F246B01E500029D3D /* Release */,
			);
			defaultConfigurationIsVisible = 0;
			defaultConfigurationName = Release;
		};
		DA7F1560246B01E500029D3D /* Build configuration list for PBXNativeTarget "Swift-stickfigureGameUITests" */ = {
			isa = XCConfigurationList;
			buildConfigurations = (
				DA7F1561246B01E500029D3D /* Debug */,
				DA7F1562246B01E500029D3D /* Release */,
			);
			defaultConfigurationIsVisible = 0;
			defaultConfigurationName = Release;
		};
/* End XCConfigurationList section */
	};
	rootObject = DA7F1528246B01E300029D3D /* Project object */;
}
